
Microsoft Visual Studio Solution File, Format Version 12.00
# Visual Studio Version 16
VisualStudioVersion = 16.0.30523.141
MinimumVisualStudioVersion = 10.0.40219.1
Project("{FAE04EC0-301F-11D3-BF4B-00C04F79EFBC}") = "Zar_Tahmin_Oyunu", "Zar_Tahmin_Oyunu.csproj", "{37856189-985D-4BB7-9428-A812137C4580}"
EndProject
Global
	GlobalSection(SolutionConfigurationPlatforms) = preSolution
		Debug|Any CPU = Debug|Any CPU
		Release|Any CPU = Release|Any CPU
	EndGlobalSection
	GlobalSection(ProjectConfigurationPlatforms) = postSolution
		{37856189-985D-4BB7-9428-A812137C4580}.Debug|Any CPU.ActiveCfg = Debug|Any CPU
		{37856189-985D-4BB7-9428-A812137C4580}.Debug|Any CPU.Build.0 = Debug|Any CPU
		{37856189-985D-4BB7-9428-A812137C4580}.Release|Any CPU.ActiveCfg = Release|Any CPU
		{37856189-985D-4BB7-9428-A812137C4580}.Release|Any CPU.Build.0 = Release|Any CPU
	EndGlobalSection
	GlobalSection(SolutionProperties) = preSolution
		HideSolutionNode = FALSE
	EndGlobalSection
	GlobalSection(ExtensibilityGlobals) = postSolution
		SolutionGuid = {ADDB8F33-C44B-49AF-AEC0-B7328057A697}
	EndGlobalSection
EndGlobal
